
Microsoft Visual Studio Solution File, Format Version 12.00
# Visual Studio 15
VisualStudioVersion = 15.0.28307.271
MinimumVisualStudioVersion = 10.0.40219.1
Project("{FAE04EC0-301F-11D3-BF4B-00C04F79EFBC}") = "testing", "testing\testing.csproj", "{AB31CC7A-18FF-4106-8B39-E758FC6CE326}"
EndProject
Global
	GlobalSection(SolutionConfigurationPlatforms) = preSolution
		Debug|Any CPU = Debug|Any CPU
		Release|Any CPU = Release|Any CPU
	EndGlobalSection
	GlobalSection(ProjectConfigurationPlatforms) = postSolution
		{AB31CC7A-18FF-4106-8B39-E758FC6CE326}.Debug|Any CPU.ActiveCfg = Debug|Any CPU
		{AB31CC7A-18FF-4106-8B39-E758FC6CE326}.Debug|Any CPU.Build.0 = Debug|Any CPU
		{AB31CC7A-18FF-4106-8B39-E758FC6CE326}.Release|Any CPU.ActiveCfg = Release|Any CPU
		{AB31CC7A-18FF-4106-8B39-E758FC6CE326}.Release|Any CPU.Build.0 = Release|Any CPU
	EndGlobalSection
	GlobalSection(SolutionProperties) = preSolution
		HideSolutionNode = FALSE
	EndGlobalSection
	GlobalSection(ExtensibilityGlobals) = postSolution
		SolutionGuid = {874281C1-C1C2-458D-BCBB-2D2664C32D08}
	EndGlobalSection
EndGlobal
